
Microsoft Visual Studio Solution File, Format Version 11.00
# Visual Studio 2010
Project("{FAE04EC0-301F-11D3-BF4B-00C04F79EFBC}") = "Assembly-CSharp", "Assembly-CSharp.csproj", "{C9772D35-AA8B-E525-20E1-6B5F5D1B8F22}"
EndProject
Project("{FAE04EC0-301F-11D3-BF4B-00C04F79EFBC}") = "Assembly-CSharp-Editor", "Assembly-CSharp-Editor.csproj", "{99BDDFA9-6909-3098-EAC7-F4D536DF0ECF}"
EndProject
Global
	GlobalSection(SolutionConfigurationPlatforms) = preSolution
		Debug|Any CPU = Debug|Any CPU
		Release|Any CPU = Release|Any CPU
	EndGlobalSection
	GlobalSection(ProjectConfigurationPlatforms) = postSolution
		{C9772D35-AA8B-E525-20E1-6B5F5D1B8F22}.Debug|Any CPU.ActiveCfg = Debug|Any CPU
		{C9772D35-AA8B-E525-20E1-6B5F5D1B8F22}.Debug|Any CPU.Build.0 = Debug|Any CPU
		{C9772D35-AA8B-E525-20E1-6B5F5D1B8F22}.Release|Any CPU.ActiveCfg = Release|Any CPU
		{C9772D35-AA8B-E525-20E1-6B5F5D1B8F22}.Release|Any CPU.Build.0 = Release|Any CPU
		{99BDDFA9-6909-3098-EAC7-F4D536DF0ECF}.Debug|Any CPU.ActiveCfg = Debug|Any CPU
		{99BDDFA9-6909-3098-EAC7-F4D536DF0ECF}.Debug|Any CPU.Build.0 = Debug|Any CPU
		{99BDDFA9-6909-3098-EAC7-F4D536DF0ECF}.Release|Any CPU.ActiveCfg = Release|Any CPU
		{99BDDFA9-6909-3098-EAC7-F4D536DF0ECF}.Release|Any CPU.Build.0 = Release|Any CPU
	EndGlobalSection
	GlobalSection(SolutionProperties) = preSolution
		HideSolutionNode = FALSE
	EndGlobalSection
EndGlobal
